
Microsoft Visual Studio Solution File, Format Version 12.00
Project("{FAE04EC0-301F-11D3-BF4B-00C04F79EFBC}") = "Domain", "Domain\Domain.csproj", "{C4EDC47B-974C-4572-B733-8EC875F34949}"
EndProject
Project("{FAE04EC0-301F-11D3-BF4B-00C04F79EFBC}") = "Application", "Application\Application.csproj", "{A3408BCE-F823-403D-9478-885F3FA56DD3}"
EndProject
Project("{FAE04EC0-301F-11D3-BF4B-00C04F79EFBC}") = "Infrastructure", "Infrastructure\Infrastructure.csproj", "{BE6313F1-E564-4F52-93D6-542F36C727A1}"
EndProject
Project("{FAE04EC0-301F-11D3-BF4B-00C04F79EFBC}") = "API", "API\API.csproj", "{932A7A19-1051-402F-B8E9-D1EA5296AF11}"
EndProject
Global
	GlobalSection(SolutionConfigurationPlatforms) = preSolution
		Debug|Any CPU = Debug|Any CPU
		Release|Any CPU = Release|Any CPU
	EndGlobalSection
	GlobalSection(ProjectConfigurationPlatforms) = postSolution
		{C4EDC47B-974C-4572-B733-8EC875F34949}.Debug|Any CPU.ActiveCfg = Debug|Any CPU
		{C4EDC47B-974C-4572-B733-8EC875F34949}.Debug|Any CPU.Build.0 = Debug|Any CPU
		{C4EDC47B-974C-4572-B733-8EC875F34949}.Release|Any CPU.ActiveCfg = Release|Any CPU
		{C4EDC47B-974C-4572-B733-8EC875F34949}.Release|Any CPU.Build.0 = Release|Any CPU
		{A3408BCE-F823-403D-9478-885F3FA56DD3}.Debug|Any CPU.ActiveCfg = Debug|Any CPU
		{A3408BCE-F823-403D-9478-885F3FA56DD3}.Debug|Any CPU.Build.0 = Debug|Any CPU
		{A3408BCE-F823-403D-9478-885F3FA56DD3}.Release|Any CPU.ActiveCfg = Release|Any CPU
		{A3408BCE-F823-403D-9478-885F3FA56DD3}.Release|Any CPU.Build.0 = Release|Any CPU
		{BE6313F1-E564-4F52-93D6-542F36C727A1}.Debug|Any CPU.ActiveCfg = Debug|Any CPU
		{BE6313F1-E564-4F52-93D6-542F36C727A1}.Debug|Any CPU.Build.0 = Debug|Any CPU
		{BE6313F1-E564-4F52-93D6-542F36C727A1}.Release|Any CPU.ActiveCfg = Release|Any CPU
		{BE6313F1-E564-4F52-93D6-542F36C727A1}.Release|Any CPU.Build.0 = Release|Any CPU
		{932A7A19-1051-402F-B8E9-D1EA5296AF11}.Debug|Any CPU.ActiveCfg = Debug|Any CPU
		{932A7A19-1051-402F-B8E9-D1EA5296AF11}.Debug|Any CPU.Build.0 = Debug|Any CPU
		{932A7A19-1051-402F-B8E9-D1EA5296AF11}.Release|Any CPU.ActiveCfg = Release|Any CPU
		{932A7A19-1051-402F-B8E9-D1EA5296AF11}.Release|Any CPU.Build.0 = Release|Any CPU
	EndGlobalSection
EndGlobal
